# THIS IS AN AUTOGENERATED FILE. DO NOT EDIT THIS FILE DIRECTLY.
# yarn lockfile v1


"@babel/parser@^7.0.0":
  version "7.9.6"
  resolved "https://registry.yarnpkg.com/@babel/parser/-/parser-7.9.6.tgz#3b1bbb30dabe600cd72db58720998376ff653bc7"
  integrity sha512-AoeIEJn8vt+d/6+PXDRPaksYhnlbMIiejioBZvvMQsOjW/JYK6k/0dKnvvP3EhK5GfMBWDPtrxRtegWdAcdq9Q==

acorn@^7.1.1:
  version "7.2.0"
  resolved "https://registry.yarnpkg.com/acorn/-/acorn-7.2.0.tgz#17ea7e40d7c8640ff54a694c889c26f31704effe"
  integrity sha512-apwXVmYVpQ34m/i71vrApRrRKCWQnZZF1+npOD0WV5xZFfwWOmKGQ2RWlfdy9vWITsenisM8M0Qeq8agcFHNiQ==

detective-es6@^2.1.0:
  version "2.1.0"
  resolved "https://registry.yarnpkg.com/detective-es6/-/detective-es6-2.1.0.tgz#7848feaec92279d82f7b3a98d8e1f5d93483a0f7"
  integrity sha512-QSHqKGOp/YBIfmIqKXaXeq2rlL+bp3bcIQMfZ+0PvKzRlELSOSZxKRvpxVcxlLuocQv4QnOfuWGniGrmPbz8MQ==
  dependencies:
    node-source-walk "^4.0.0"

falafel@^2.2.4:
  version "2.2.4"
  resolved "https://registry.yarnpkg.com/falafel/-/falafel-2.2.4.tgz#b5d86c060c2412a43166243cb1bce44d1abd2819"
  integrity sha512-0HXjo8XASWRmsS0X1EkhwEMZaD3Qvp7FfURwjLKjG1ghfRm/MGZl2r4cWUTv41KdNghTw4OUMmVtdGQp3+H+uQ==
  dependencies:
    acorn "^7.1.1"
    foreach "^2.0.5"
    isarray "^2.0.1"
    object-keys "^1.0.6"

foreach@^2.0.5:
  version "2.0.5"
  resolved "https://registry.yarnpkg.com/foreach/-/foreach-2.0.5.tgz#0bee005018aeb260d0a3af3ae658dd0136ec1b99"
  integrity sha1-C+4AUBiusmDQo6865ljdATbsG5k=

isarray@^2.0.1:
  version "2.0.5"
  resolved "https://registry.yarnpkg.com/isarray/-/isarray-2.0.5.tgz#8af1e4c1221244cc62459faf38940d4e644a5723"
  integrity sha512-xHjhDr3cNBK0BzdUJSPXZntQUx/mwMS5Rw4A7lPJ90XGAO6ISP/ePDNuo0vhqOZU+UD5JoodwCAAoZQd3FeAKw==

node-fetch@^2.6.0:
  version "2.6.0"
  resolved "https://registry.yarnpkg.com/node-fetch/-/node-fetch-2.6.0.tgz#e633456386d4aa55863f676a7ab0daa8fdecb0fd"
  integrity sha512-8dG4H5ujfvFiqDmVu9fQ5bOHUC15JMjMY/Zumv26oOvvVJjM67KF8koCWIabKQ1GJIa9r2mMZscBq/TbdOcmNA==

node-source-walk@^4.0.0:
  version "4.2.0"
  resolved "https://registry.yarnpkg.com/node-source-walk/-/node-source-walk-4.2.0.tgz#c2efe731ea8ba9c03c562aa0a9d984e54f27bc2c"
  integrity sha512-hPs/QMe6zS94f5+jG3kk9E7TNm4P2SulrKiLWMzKszBfNZvL/V6wseHlTd7IvfW0NZWqPtK3+9yYNr+3USGteA==
  dependencies:
    "@babel/parser" "^7.0.0"

object-keys@^1.0.6:
  version "1.1.1"
  resolved "https://registry.yarnpkg.com/object-keys/-/object-keys-1.1.1.tgz#1c47f272df277f3b1daf061677d9c82e2322c60e"
  integrity sha512-NuAESUOUMrlIXOfHKzD6bpPu3tYt3xvjNdRIQ+FeT0lNb4K8WR70CaDxhuNguS2XG+GjkyMwOzsN5ZktImfhLA==
